
Microsoft Visual Studio Solution File, Format Version 12.00
# Visual Studio Version 17
VisualStudioVersion = 17.4.33103.184
MinimumVisualStudioVersion = 10.0.40219.1
Project("{FAE04EC0-301F-11D3-BF4B-00C04F79EFBC}") = "naymaxia1", "naymaxia1.csproj", "{CE28219C-F214-4DA2-BCF6-EEE2F52CF11F}"
EndProject
Global
	GlobalSection(SolutionConfigurationPlatforms) = preSolution
		Debug|Any CPU = Debug|Any CPU
		Release|Any CPU = Release|Any CPU
	EndGlobalSection
	GlobalSection(ProjectConfigurationPlatforms) = postSolution
		{CE28219C-F214-4DA2-BCF6-EEE2F52CF11F}.Debug|Any CPU.ActiveCfg = Debug|Any CPU
		{CE28219C-F214-4DA2-BCF6-EEE2F52CF11F}.Debug|Any CPU.Build.0 = Debug|Any CPU
		{CE28219C-F214-4DA2-BCF6-EEE2F52CF11F}.Release|Any CPU.ActiveCfg = Release|Any CPU
		{CE28219C-F214-4DA2-BCF6-EEE2F52CF11F}.Release|Any CPU.Build.0 = Release|Any CPU
	EndGlobalSection
	GlobalSection(SolutionProperties) = preSolution
		HideSolutionNode = FALSE
	EndGlobalSection
	GlobalSection(ExtensibilityGlobals) = postSolution
		SolutionGuid = {0EF16AFD-61EB-4BAF-8135-D70043E7E356}
	EndGlobalSection
EndGlobal
